
Microsoft Visual Studio Solution File, Format Version 12.00
Project("{2150E333-8FDC-42A3-9474-1A3956D46DE8}") = "src", "src", "{31E28C1D-872A-464F-BCED-305795E85AE3}"
EndProject
Project("{2150E333-8FDC-42A3-9474-1A3956D46DE8}") = "Framework", "Framework", "{F7E7D3BE-9BD1-4C39-863A-A5C01A4EAA2D}"
EndProject
Project("{2150E333-8FDC-42A3-9474-1A3956D46DE8}") = "tests", "tests", "{938C8568-A3BD-47B5-B106-5F132486B967}"
EndProject
Project("{FAE04EC0-301F-11D3-BF4B-00C04F79EFBC}") = "Anshan.OutboxProcessor", "Framework\Anshan.OutboxProcessor\Anshan.OutboxProcessor.csproj", "{F80D7A58-FA59-474D-8280-36C52AC86B2F}"
EndProject
Project("{FAE04EC0-301F-11D3-BF4B-00C04F79EFBC}") = "Anshan.EF", "Framework\Anshan.EF\Anshan.EF.csproj", "{F00A7C37-96B7-4A79-A2D6-785BC89693C7}"
EndProject
Project("{FAE04EC0-301F-11D3-BF4B-00C04F79EFBC}") = "Anshan.Domain", "Framework\Anshan.Domain\Anshan.Domain.csproj", "{DBCE1E3B-C780-45DC-91BB-89F583BE21FD}"
EndProject
Project("{FAE04EC0-301F-11D3-BF4B-00C04F79EFBC}") = "Anshan.Persistence", "Framework\Anshan.Persistence\Anshan.Persistence.csproj", "{A8CFB4C6-1572-4716-8C84-19F00922B56A}"
EndProject
Project("{FAE04EC0-301F-11D3-BF4B-00C04F79EFBC}") = "Anshan.Core", "Framework\Anshan.Core\Anshan.Core.csproj", "{DCE0BB82-9F38-4A9B-8E8F-F5EE67932749}"
EndProject
Project("{FAE04EC0-301F-11D3-BF4B-00C04F79EFBC}") = "Anshan.Worker.Coravel", "Framework\Anshan.Worker.Coravel\Anshan.Worker.Coravel.csproj", "{C509A099-2E86-4080-AC4B-3A44ED792D73}"
EndProject
Project("{2150E333-8FDC-42A3-9474-1A3956D46DE8}") = "Application", "Application", "{1A77101F-8179-4B9A-9DC9-6ED2B7B9691C}"
EndProject
Project("{2150E333-8FDC-42A3-9474-1A3956D46DE8}") = "Domain", "Domain", "{7FAA0C42-627D-4A5C-9FE9-60A440C3D825}"
EndProject
Project("{2150E333-8FDC-42A3-9474-1A3956D46DE8}") = "Infrastracture", "Infrastracture", "{1A09DEBA-2FB0-409F-9DCC-9EE563BF9853}"
EndProject
Project("{2150E333-8FDC-42A3-9474-1A3956D46DE8}") = "Worker", "Worker", "{1F2550BE-4ECE-47B6-82FC-1C59A515D353}"
EndProject
Project("{2150E333-8FDC-42A3-9474-1A3956D46DE8}") = "Presentation", "Presentation", "{1E028ADC-0D04-4185-B3A6-210D807380A9}"
EndProject
Project("{FAE04EC0-301F-11D3-BF4B-00C04F79EFBC}") = "Ordering.Domain", "src\Domain\Ordering.Domain\Ordering.Domain.csproj", "{84F909C1-05B3-4F50-B86E-1C4A2135C696}"
EndProject
Project("{FAE04EC0-301F-11D3-BF4B-00C04F79EFBC}") = "Ordering.Application", "src\Application\Ordering.Application\Ordering.Application.csproj", "{3C781C5A-AED7-4352-BD97-23F02FB9EBDE}"
EndProject
Project("{FAE04EC0-301F-11D3-BF4B-00C04F79EFBC}") = "Ordering.Application.Contracts", "src\Application\Ordering.Application.Contracts\Ordering.Application.Contracts.csproj", "{FB8CED9A-15D3-4B28-9990-B8B00209BB6A}"
EndProject
Project("{FAE04EC0-301F-11D3-BF4B-00C04F79EFBC}") = "Ordering.Persistence.EF", "src\Infrastructure\Ordering.Persistence.EF\Ordering.Persistence.EF.csproj", "{0D577E7A-6592-4972-8BFE-0C685F25F669}"
EndProject
Project("{FAE04EC0-301F-11D3-BF4B-00C04F79EFBC}") = "Ordering.Config", "src\Infrastructure\Ordering.Config\Ordering.Config.csproj", "{CF079589-104B-4F1F-9DE8-9F862B546B62}"
EndProject
Project("{FAE04EC0-301F-11D3-BF4B-00C04F79EFBC}") = "Ordering.Api", "src\Presentation\Ordering.Api\Ordering.Api.csproj", "{A39A6EEA-F38D-40F7-AA73-C708C981461B}"
EndProject
Project("{2150E333-8FDC-42A3-9474-1A3956D46DE8}") = "Subscriber", "Subscriber", "{567981C3-8DA0-46D5-80EE-75479B109A6B}"
EndProject
Project("{FAE04EC0-301F-11D3-BF4B-00C04F79EFBC}") = "Ordering.Spec", "tests\Ordering.Spec\Ordering.Spec.csproj", "{D0396731-1D69-4FE9-AD18-44ADEBEE4026}"
EndProject
Project("{FAE04EC0-301F-11D3-BF4B-00C04F79EFBC}") = "Ordering.Worker", "src\Worker\Ordering.Worker\Ordering.Worker.csproj", "{5821F399-F7B7-4AE6-9195-65C035A1B7B7}"
EndProject
Project("{FAE04EC0-301F-11D3-BF4B-00C04F79EFBC}") = "Order.Subscriber", "src\Subscriber\Order.Subscriber\Order.Subscriber.csproj", "{6CD4AFEA-FA45-4261-B625-F5201E504B99}"
EndProject
Global
	GlobalSection(SolutionConfigurationPlatforms) = preSolution
		Debug|Any CPU = Debug|Any CPU
		Release|Any CPU = Release|Any CPU
	EndGlobalSection
	GlobalSection(NestedProjects) = preSolution
		{F80D7A58-FA59-474D-8280-36C52AC86B2F} = {F7E7D3BE-9BD1-4C39-863A-A5C01A4EAA2D}
		{F00A7C37-96B7-4A79-A2D6-785BC89693C7} = {F7E7D3BE-9BD1-4C39-863A-A5C01A4EAA2D}
		{DBCE1E3B-C780-45DC-91BB-89F583BE21FD} = {F7E7D3BE-9BD1-4C39-863A-A5C01A4EAA2D}
		{A8CFB4C6-1572-4716-8C84-19F00922B56A} = {F7E7D3BE-9BD1-4C39-863A-A5C01A4EAA2D}
		{DCE0BB82-9F38-4A9B-8E8F-F5EE67932749} = {F7E7D3BE-9BD1-4C39-863A-A5C01A4EAA2D}
		{C509A099-2E86-4080-AC4B-3A44ED792D73} = {F7E7D3BE-9BD1-4C39-863A-A5C01A4EAA2D}
		{1A77101F-8179-4B9A-9DC9-6ED2B7B9691C} = {31E28C1D-872A-464F-BCED-305795E85AE3}
		{7FAA0C42-627D-4A5C-9FE9-60A440C3D825} = {31E28C1D-872A-464F-BCED-305795E85AE3}
		{1A09DEBA-2FB0-409F-9DCC-9EE563BF9853} = {31E28C1D-872A-464F-BCED-305795E85AE3}
		{1F2550BE-4ECE-47B6-82FC-1C59A515D353} = {31E28C1D-872A-464F-BCED-305795E85AE3}
		{1E028ADC-0D04-4185-B3A6-210D807380A9} = {31E28C1D-872A-464F-BCED-305795E85AE3}
		{84F909C1-05B3-4F50-B86E-1C4A2135C696} = {7FAA0C42-627D-4A5C-9FE9-60A440C3D825}
		{3C781C5A-AED7-4352-BD97-23F02FB9EBDE} = {1A77101F-8179-4B9A-9DC9-6ED2B7B9691C}
		{FB8CED9A-15D3-4B28-9990-B8B00209BB6A} = {1A77101F-8179-4B9A-9DC9-6ED2B7B9691C}
		{0D577E7A-6592-4972-8BFE-0C685F25F669} = {1A09DEBA-2FB0-409F-9DCC-9EE563BF9853}
		{CF079589-104B-4F1F-9DE8-9F862B546B62} = {1A09DEBA-2FB0-409F-9DCC-9EE563BF9853}
		{A39A6EEA-F38D-40F7-AA73-C708C981461B} = {1E028ADC-0D04-4185-B3A6-210D807380A9}
		{567981C3-8DA0-46D5-80EE-75479B109A6B} = {31E28C1D-872A-464F-BCED-305795E85AE3}
		{D0396731-1D69-4FE9-AD18-44ADEBEE4026} = {938C8568-A3BD-47B5-B106-5F132486B967}
		{5821F399-F7B7-4AE6-9195-65C035A1B7B7} = {1F2550BE-4ECE-47B6-82FC-1C59A515D353}
		{6CD4AFEA-FA45-4261-B625-F5201E504B99} = {567981C3-8DA0-46D5-80EE-75479B109A6B}
	EndGlobalSection
	GlobalSection(ProjectConfigurationPlatforms) = postSolution
		{F80D7A58-FA59-474D-8280-36C52AC86B2F}.Debug|Any CPU.ActiveCfg = Debug|Any CPU
		{F80D7A58-FA59-474D-8280-36C52AC86B2F}.Debug|Any CPU.Build.0 = Debug|Any CPU
		{F80D7A58-FA59-474D-8280-36C52AC86B2F}.Release|Any CPU.ActiveCfg = Release|Any CPU
		{F80D7A58-FA59-474D-8280-36C52AC86B2F}.Release|Any CPU.Build.0 = Release|Any CPU
		{F00A7C37-96B7-4A79-A2D6-785BC89693C7}.Debug|Any CPU.ActiveCfg = Debug|Any CPU
		{F00A7C37-96B7-4A79-A2D6-785BC89693C7}.Debug|Any CPU.Build.0 = Debug|Any CPU
		{F00A7C37-96B7-4A79-A2D6-785BC89693C7}.Release|Any CPU.ActiveCfg = Release|Any CPU
		{F00A7C37-96B7-4A79-A2D6-785BC89693C7}.Release|Any CPU.Build.0 = Release|Any CPU
		{DBCE1E3B-C780-45DC-91BB-89F583BE21FD}.Debug|Any CPU.ActiveCfg = Debug|Any CPU
		{DBCE1E3B-C780-45DC-91BB-89F583BE21FD}.Debug|Any CPU.Build.0 = Debug|Any CPU
		{DBCE1E3B-C780-45DC-91BB-89F583BE21FD}.Release|Any CPU.ActiveCfg = Release|Any CPU
		{DBCE1E3B-C780-45DC-91BB-89F583BE21FD}.Release|Any CPU.Build.0 = Release|Any CPU
		{A8CFB4C6-1572-4716-8C84-19F00922B56A}.Debug|Any CPU.ActiveCfg = Debug|Any CPU
		{A8CFB4C6-1572-4716-8C84-19F00922B56A}.Debug|Any CPU.Build.0 = Debug|Any CPU
		{A8CFB4C6-1572-4716-8C84-19F00922B56A}.Release|Any CPU.ActiveCfg = Release|Any CPU
		{A8CFB4C6-1572-4716-8C84-19F00922B56A}.Release|Any CPU.Build.0 = Release|Any CPU
		{DCE0BB82-9F38-4A9B-8E8F-F5EE67932749}.Debug|Any CPU.ActiveCfg = Debug|Any CPU
		{DCE0BB82-9F38-4A9B-8E8F-F5EE67932749}.Debug|Any CPU.Build.0 = Debug|Any CPU
		{DCE0BB82-9F38-4A9B-8E8F-F5EE67932749}.Release|Any CPU.ActiveCfg = Release|Any CPU
		{DCE0BB82-9F38-4A9B-8E8F-F5EE67932749}.Release|Any CPU.Build.0 = Release|Any CPU
		{C509A099-2E86-4080-AC4B-3A44ED792D73}.Debug|Any CPU.ActiveCfg = Debug|Any CPU
		{C509A099-2E86-4080-AC4B-3A44ED792D73}.Debug|Any CPU.Build.0 = Debug|Any CPU
		{C509A099-2E86-4080-AC4B-3A44ED792D73}.Release|Any CPU.ActiveCfg = Release|Any CPU
		{C509A099-2E86-4080-AC4B-3A44ED792D73}.Release|Any CPU.Build.0 = Release|Any CPU
		{84F909C1-05B3-4F50-B86E-1C4A2135C696}.Debug|Any CPU.ActiveCfg = Debug|Any CPU
		{84F909C1-05B3-4F50-B86E-1C4A2135C696}.Debug|Any CPU.Build.0 = Debug|Any CPU
		{84F909C1-05B3-4F50-B86E-1C4A2135C696}.Release|Any CPU.ActiveCfg = Release|Any CPU
		{84F909C1-05B3-4F50-B86E-1C4A2135C696}.Release|Any CPU.Build.0 = Release|Any CPU
		{3C781C5A-AED7-4352-BD97-23F02FB9EBDE}.Debug|Any CPU.ActiveCfg = Debug|Any CPU
		{3C781C5A-AED7-4352-BD97-23F02FB9EBDE}.Debug|Any CPU.Build.0 = Debug|Any CPU
		{3C781C5A-AED7-4352-BD97-23F02FB9EBDE}.Release|Any CPU.ActiveCfg = Release|Any CPU
		{3C781C5A-AED7-4352-BD97-23F02FB9EBDE}.Release|Any CPU.Build.0 = Release|Any CPU
		{FB8CED9A-15D3-4B28-9990-B8B00209BB6A}.Debug|Any CPU.ActiveCfg = Debug|Any CPU
		{FB8CED9A-15D3-4B28-9990-B8B00209BB6A}.Debug|Any CPU.Build.0 = Debug|Any CPU
		{FB8CED9A-15D3-4B28-9990-B8B00209BB6A}.Release|Any CPU.ActiveCfg = Release|Any CPU
		{FB8CED9A-15D3-4B28-9990-B8B00209BB6A}.Release|Any CPU.Build.0 = Release|Any CPU
		{0D577E7A-6592-4972-8BFE-0C685F25F669}.Debug|Any CPU.ActiveCfg = Debug|Any CPU
		{0D577E7A-6592-4972-8BFE-0C685F25F669}.Debug|Any CPU.Build.0 = Debug|Any CPU
		{0D577E7A-6592-4972-8BFE-0C685F25F669}.Release|Any CPU.ActiveCfg = Release|Any CPU
		{0D577E7A-6592-4972-8BFE-0C685F25F669}.Release|Any CPU.Build.0 = Release|Any CPU
		{CF079589-104B-4F1F-9DE8-9F862B546B62}.Debug|Any CPU.ActiveCfg = Debug|Any CPU
		{CF079589-104B-4F1F-9DE8-9F862B546B62}.Debug|Any CPU.Build.0 = Debug|Any CPU
		{CF079589-104B-4F1F-9DE8-9F862B546B62}.Release|Any CPU.ActiveCfg = Release|Any CPU
		{CF079589-104B-4F1F-9DE8-9F862B546B62}.Release|Any CPU.Build.0 = Release|Any CPU
		{A39A6EEA-F38D-40F7-AA73-C708C981461B}.Debug|Any CPU.ActiveCfg = Debug|Any CPU
		{A39A6EEA-F38D-40F7-AA73-C708C981461B}.Debug|Any CPU.Build.0 = Debug|Any CPU
		{A39A6EEA-F38D-40F7-AA73-C708C981461B}.Release|Any CPU.ActiveCfg = Release|Any CPU
		{A39A6EEA-F38D-40F7-AA73-C708C981461B}.Release|Any CPU.Build.0 = Release|Any CPU
		{D0396731-1D69-4FE9-AD18-44ADEBEE4026}.Debug|Any CPU.ActiveCfg = Debug|Any CPU
		{D0396731-1D69-4FE9-AD18-44ADEBEE4026}.Debug|Any CPU.Build.0 = Debug|Any CPU
		{D0396731-1D69-4FE9-AD18-44ADEBEE4026}.Release|Any CPU.ActiveCfg = Release|Any CPU
		{D0396731-1D69-4FE9-AD18-44ADEBEE4026}.Release|Any CPU.Build.0 = Release|Any CPU
		{5821F399-F7B7-4AE6-9195-65C035A1B7B7}.Debug|Any CPU.ActiveCfg = Debug|Any CPU
		{5821F399-F7B7-4AE6-9195-65C035A1B7B7}.Debug|Any CPU.Build.0 = Debug|Any CPU
		{5821F399-F7B7-4AE6-9195-65C035A1B7B7}.Release|Any CPU.ActiveCfg = Release|Any CPU
		{5821F399-F7B7-4AE6-9195-65C035A1B7B7}.Release|Any CPU.Build.0 = Release|Any CPU
		{6CD4AFEA-FA45-4261-B625-F5201E504B99}.Debug|Any CPU.ActiveCfg = Debug|Any CPU
		{6CD4AFEA-FA45-4261-B625-F5201E504B99}.Debug|Any CPU.Build.0 = Debug|Any CPU
		{6CD4AFEA-FA45-4261-B625-F5201E504B99}.Release|Any CPU.ActiveCfg = Release|Any CPU
		{6CD4AFEA-FA45-4261-B625-F5201E504B99}.Release|Any CPU.Build.0 = Release|Any CPU
	EndGlobalSection
EndGlobal
